
Microsoft Visual Studio Solution File, Format Version 12.00
# Visual Studio Version 16
VisualStudioVersion = 16.0.31019.35
MinimumVisualStudioVersion = 10.0.40219.1
Project("{888888A0-9F3D-457C-B088-3A5042F75D52}") = "JapTool", "JapTool.pyproj", "{D5E4A269-DC6B-4EF2-9861-BE9F3098D3EE}"
EndProject
Global
	GlobalSection(SolutionConfigurationPlatforms) = preSolution
		Debug|Any CPU = Debug|Any CPU
		Release|Any CPU = Release|Any CPU
	EndGlobalSection
	GlobalSection(ProjectConfigurationPlatforms) = postSolution
		{D5E4A269-DC6B-4EF2-9861-BE9F3098D3EE}.Debug|Any CPU.ActiveCfg = Debug|Any CPU
		{D5E4A269-DC6B-4EF2-9861-BE9F3098D3EE}.Release|Any CPU.ActiveCfg = Release|Any CPU
	EndGlobalSection
	GlobalSection(SolutionProperties) = preSolution
		HideSolutionNode = FALSE
	EndGlobalSection
	GlobalSection(ExtensibilityGlobals) = postSolution
		SolutionGuid = {2109E655-8035-4715-B0F0-E4B983E42965}
	EndGlobalSection
EndGlobal
